{
  "nodes": {
    "base16": {
      "inputs": {
        "nixpkgs": "nixpkgs"
      },
      "locked": {
        "lastModified": 1632784880,
        "narHash": "sha256-m2HuPvMwSfi95G4ok0aKhHkAq59WrETfGkqTG611V08=",
        "owner": "alukardbf",
        "repo": "base16-nix",
        "rev": "27351e8d64bf399d24afdf2e436bdecb8f2b9777",
        "type": "github"
      },
      "original": {
        "owner": "alukardbf",
        "repo": "base16-nix",
        "type": "github"
      }
    },
    "base16-horizon-scheme": {
      "flake": false,
      "locked": {
        "lastModified": 1633810732,
        "narHash": "sha256-zbywfVQ7fn+AlUZjqHxunTqbls6dj1td88/gV11cfMI=",
        "owner": "michael-ball",
        "repo": "base16-horizon-scheme",
        "rev": "4eabc3a5f7fc823cf3ceecda99dbef4e54c52574",
        "type": "github"
      },
      "original": {
        "owner": "michael-ball",
        "repo": "base16-horizon-scheme",
        "type": "github"
      }
    },
    "base16-tokyonight-scheme": {
      "flake": false,
      "locked": {
        "lastModified": 1632603666,
        "narHash": "sha256-a3SiLVuCoFa+2SDJ3GpVrnDYotcqCcJjAwvLSIf+PL0=",
        "owner": "alukardbf",
        "repo": "base16-tokyonight-scheme",
        "rev": "ed352bd5d44e0d7249dec382208c1fe294dd4539",
        "type": "github"
      },
      "original": {
        "owner": "alukardbf",
        "repo": "base16-tokyonight-scheme",
        "type": "github"
      }
    },
    "blobs": {
      "flake": false,
      "locked": {
        "lastModified": 1604995301,
        "narHash": "sha256-wcLzgLec6SGJA8fx1OEN1yV/Py5b+U5iyYpksUY/yLw=",
        "owner": "simple-nixos-mailserver",
        "repo": "blobs",
        "rev": "2cccdf1ca48316f2cfd1c9a0017e8de5a7156265",
        "type": "gitlab"
      },
      "original": {
        "owner": "simple-nixos-mailserver",
        "repo": "blobs",
        "type": "gitlab"
      }
    },
    "cachix": {
      "locked": {
        "lastModified": 1645296114,
        "narHash": "sha256-y53N7TyIkXsjMpOG7RhvqJFGDacLs9HlyHeSTBioqYU=",
        "owner": "nixos",
        "repo": "nixpkgs",
        "rev": "530a53dcbc9437363471167a5e4762c5fcfa34a1",
        "type": "github"
      },
      "original": {
        "owner": "nixos",
        "ref": "nixos-21.05",
        "repo": "nixpkgs",
        "type": "github"
      }
    },
    "flake-compat": {
      "flake": false,
      "locked": {
        "lastModified": 1641205782,
        "narHash": "sha256-4jY7RCWUoZ9cKD8co0/4tFARpWB+57+r1bLLvXNJliY=",
        "owner": "edolstra",
        "repo": "flake-compat",
        "rev": "b7547d3eed6f32d06102ead8991ec52ab0a4f1a7",
        "type": "github"
      },
      "original": {
        "owner": "edolstra",
        "repo": "flake-compat",
        "type": "github"
      }
    },
    "flake-utils": {
      "locked": {
        "lastModified": 1638122382,
        "narHash": "sha256-sQzZzAbvKEqN9s0bzWuYmRaA03v40gaJ4+iL1LXjaeI=",
        "owner": "numtide",
        "repo": "flake-utils",
        "rev": "74f7e4319258e287b0f9cb95426c9853b282730b",
        "type": "github"
      },
      "original": {
        "owner": "numtide",
        "repo": "flake-utils",
        "type": "github"
      }
    },
    "flake-utils_2": {
      "locked": {
        "lastModified": 1634851050,
        "narHash": "sha256-N83GlSGPJJdcqhUxSCS/WwW5pksYf3VP1M13cDRTSVA=",
        "owner": "numtide",
        "repo": "flake-utils",
        "rev": "c91f3de5adaf1de973b797ef7485e441a65b8935",
        "type": "github"
      },
      "original": {
        "owner": "numtide",
        "repo": "flake-utils",
        "type": "github"
      }
    },
    "home-manager": {
      "inputs": {
        "nixpkgs": [
          "nixpkgs"
        ]
      },
      "locked": {
        "lastModified": 1647903177,
        "narHash": "sha256-9aWSpW/F8POA/7cuVpoqhVGfjAgcGRIinwxUaXmUpkk=",
        "owner": "nix-community",
        "repo": "home-manager",
        "rev": "80b4360678fa7890964ba8e40a722985bf8d107e",
        "type": "github"
      },
      "original": {
        "owner": "nix-community",
        "repo": "home-manager",
        "type": "github"
      }
    },
    "home-manager_2": {
      "inputs": {
        "nixpkgs": [
          "vscode-server-fixup",
          "nixpkgs"
        ]
      },
      "locked": {
        "lastModified": 1635839387,
        "narHash": "sha256-2B6DqfTiwY5w2TljC4+AxEUuVYMTP5Fo2h5iGNIONvk=",
        "owner": "nix-community",
        "repo": "home-manager",
        "rev": "288faaa5a65e72e37e6027024829b15c8bb69286",
        "type": "github"
      },
      "original": {
        "owner": "nix-community",
        "repo": "home-manager",
        "type": "github"
      }
    },
    "lowdown-src": {
      "flake": false,
      "locked": {
        "lastModified": 1633514407,
        "narHash": "sha256-Dw32tiMjdK9t3ETl5fzGrutQTzh2rufgZV4A/BbxuD4=",
        "owner": "kristapsdz",
        "repo": "lowdown",
        "rev": "d2c2b44ff6c27b936ec27358a2653caaef8f73b8",
        "type": "github"
      },
      "original": {
        "owner": "kristapsdz",
        "repo": "lowdown",
        "type": "github"
      }
    },
    "materia-theme": {
      "flake": false,
      "locked": {
        "lastModified": 1638461758,
        "narHash": "sha256-+E8eJQcDw4F12MmGrCoFUeGFZzYZWQtY7PVhXVAZRFY=",
        "owner": "nana-4",
        "repo": "materia-theme",
        "rev": "af63425f9bbb2ac9bc4853a4357457d743c65308",
        "type": "github"
      },
      "original": {
        "owner": "nana-4",
        "repo": "materia-theme",
        "type": "github"
      }
    },
    "multimc-cracked": {
      "flake": false,
      "locked": {
        "lastModified": 1627076140,
        "narHash": "sha256-dLX1hxM+pfCZdNTeQT6cFhAkqXhBtEXiamOODOobzls=",
        "ref": "develop",
        "rev": "9069e9c9d0b7951c310fdcc8bdc70ebc422a7634",
        "revCount": 2917,
        "submodules": true,
        "type": "git",
        "url": "https://github.com/AfoninZ/MultiMC5-Cracked.git"
      },
      "original": {
        "ref": "develop",
        "rev": "9069e9c9d0b7951c310fdcc8bdc70ebc422a7634",
        "submodules": true,
        "type": "git",
        "url": "https://github.com/AfoninZ/MultiMC5-Cracked.git"
      }
    },
    "nix": {
      "inputs": {
        "lowdown-src": "lowdown-src",
        "nixpkgs": "nixpkgs_2",
        "nixpkgs-regression": "nixpkgs-regression"
      },
      "locked": {
        "lastModified": 1647858236,
        "narHash": "sha256-JrSxi3SsMJPlp6YgrtPUAjY+79u7ZNm62M+T5PjMsbE=",
        "owner": "nixos",
        "repo": "nix",
        "rev": "7ed81701ee5da8c49f31bf0bbe3bca3645cf37bc",
        "type": "github"
      },
      "original": {
        "owner": "nixos",
        "repo": "nix",
        "type": "github"
      }
    },
    "nix-alien": {
      "inputs": {
        "flake-utils": "flake-utils",
        "nixpkgs": [
          "nixpkgs"
        ],
        "poetry2nix": "poetry2nix"
      },
      "locked": {
        "lastModified": 1646697248,
        "narHash": "sha256-1EkvVmPEwvpt0m3Zdc9FecFJ/YQZ6+pCZengETOewsA=",
        "owner": "thiagokokada",
        "repo": "nix-alien",
        "rev": "d3fe0c2835caeb7a183ad74f700c386cb931419a",
        "type": "github"
      },
      "original": {
        "owner": "thiagokokada",
        "repo": "nix-alien",
        "type": "github"
      }
    },
    "nixpkgs": {
      "locked": {
        "lastModified": 1632753066,
        "narHash": "sha256-oLs+Jm9zSRUVhTzPzKbQByLPor4IxdhZ6xUThAE1+s0=",
        "owner": "NixOS",
        "repo": "nixpkgs",
        "rev": "1224e4bec7b8019f8847dd268a642000073bcfa3",
        "type": "github"
      },
      "original": {
        "id": "nixpkgs",
        "ref": "release-21.05",
        "type": "indirect"
      }
    },
    "nixpkgs-master": {
      "locked": {
        "lastModified": 1647914114,
        "narHash": "sha256-9B3TFOK9+k6BISVy+kNK5YucQAbgY+GhqXaoGmQwQbs=",
        "owner": "nixos",
        "repo": "nixpkgs",
        "rev": "85a633de9fb69e1becebe8d69dbf8ad12b06e08d",
        "type": "github"
      },
      "original": {
        "owner": "nixos",
        "ref": "master",
        "repo": "nixpkgs",
        "type": "github"
      }
    },
    "nixpkgs-mozilla": {
      "flake": false,
      "locked": {
        "lastModified": 1645464064,
        "narHash": "sha256-YeN4bpPvHkVOpQzb8APTAfE7/R+MFMwJUMkqmfvytSk=",
        "owner": "mozilla",
        "repo": "nixpkgs-mozilla",
        "rev": "15b7a05f20aab51c4ffbefddb1b448e862dccb7d",
        "type": "github"
      },
      "original": {
        "owner": "mozilla",
        "repo": "nixpkgs-mozilla",
        "type": "github"
      }
    },
    "nixpkgs-nixos-test": {
      "locked": {
        "lastModified": 1632909223,
        "narHash": "sha256-f8J2eG5n8eORyV1HLBA1PWojzSUbpvkYyuLSMHrGQKU=",
        "owner": "nixos",
        "repo": "nixpkgs",
        "rev": "e1fc1a80a071c90ab65fb6eafae5520579163783",
        "type": "github"
      },
      "original": {
        "owner": "nixos",
        "repo": "nixpkgs",
        "rev": "e1fc1a80a071c90ab65fb6eafae5520579163783",
        "type": "github"
      }
    },
    "nixpkgs-regression": {
      "locked": {
        "lastModified": 1643052045,
        "narHash": "sha256-uGJ0VXIhWKGXxkeNnq4TvV3CIOkUJ3PAoLZ3HMzNVMw=",
        "owner": "NixOS",
        "repo": "nixpkgs",
        "rev": "215d4d0fd80ca5163643b03a33fde804a29cc1e2",
        "type": "github"
      },
      "original": {
        "id": "nixpkgs",
        "rev": "215d4d0fd80ca5163643b03a33fde804a29cc1e2",
        "type": "indirect"
      }
    },
    "nixpkgs-stable": {
      "locked": {
        "lastModified": 1647490331,
        "narHash": "sha256-Jcc+vHNDN3KDWuzGNTl3A24ICGovPneJDejiN2t57QI=",
        "owner": "nixos",
        "repo": "nixpkgs",
        "rev": "2c66a7a6e036971c4847cca424125f55b9eb0b0b",
        "type": "github"
      },
      "original": {
        "owner": "nixos",
        "ref": "nixos-21.11",
        "repo": "nixpkgs",
        "type": "github"
      }
    },
    "nixpkgs-wayland": {
      "inputs": {
        "cachix": "cachix",
        "flake-compat": "flake-compat",
        "nixpkgs": [
          "nixpkgs"
        ]
      },
      "locked": {
        "lastModified": 1647813462,
        "narHash": "sha256-5vNvX3Ib9bHWR/hyEUjpUD8/t4k40cQIknhSYf0eZrE=",
        "owner": "nix-community",
        "repo": "nixpkgs-wayland",
        "rev": "832a0ed28dbb0aa50f2dc2a1a85abfb11ed56c1d",
        "type": "github"
      },
      "original": {
        "owner": "nix-community",
        "repo": "nixpkgs-wayland",
        "type": "github"
      }
    },
    "nixpkgs_2": {
      "locked": {
        "lastModified": 1632864508,
        "narHash": "sha256-d127FIvGR41XbVRDPVvozUPQ/uRHbHwvfyKHwEt5xFM=",
        "owner": "NixOS",
        "repo": "nixpkgs",
        "rev": "82891b5e2c2359d7e58d08849e4c89511ab94234",
        "type": "github"
      },
      "original": {
        "id": "nixpkgs",
        "ref": "nixos-21.05-small",
        "type": "indirect"
      }
    },
    "nixpkgs_3": {
      "locked": {
        "lastModified": 1647800324,
        "narHash": "sha256-rjwoxrk16zfrcO5Torh6CbAd5GHsHrXw+EwxOvh9AUI=",
        "owner": "nixos",
        "repo": "nixpkgs",
        "rev": "9bc841fec1c0e8b9772afa29f934d2c7ce57da8e",
        "type": "github"
      },
      "original": {
        "owner": "nixos",
        "ref": "nixos-unstable",
        "repo": "nixpkgs",
        "type": "github"
      }
    },
    "poetry2nix": {
      "inputs": {
        "flake-utils": [
          "nix-alien",
          "flake-utils"
        ],
        "nixpkgs": [
          "nix-alien",
          "nixpkgs"
        ]
      },
      "locked": {
        "lastModified": 1642215333,
        "narHash": "sha256-hOs6lr62ITT8gAnpj5C248K0PW4IrCuXzgoan+VUgiM=",
        "owner": "nix-community",
        "repo": "poetry2nix",
        "rev": "7b5c8e3b838d534e0d4dcaa6bbe6530086ebf407",
        "type": "github"
      },
      "original": {
        "owner": "nix-community",
        "repo": "poetry2nix",
        "type": "github"
      }
    },
    "qbittorrent-ee": {
      "flake": false,
      "locked": {
        "lastModified": 1647268508,
        "narHash": "sha256-3yh/mjdiiUJN2cfrRxu6bv5IcpXDzOTYTRgX3NJQiDU=",
        "owner": "c0re100",
        "repo": "qBittorrent-Enhanced-Edition",
        "rev": "1cb261407b0deca0586f182f465f95486b2dc053",
        "type": "github"
      },
      "original": {
        "owner": "c0re100",
        "repo": "qBittorrent-Enhanced-Edition",
        "type": "github"
      }
    },
    "root": {
      "inputs": {
        "base16": "base16",
        "base16-horizon-scheme": "base16-horizon-scheme",
        "base16-tokyonight-scheme": "base16-tokyonight-scheme",
        "home-manager": "home-manager",
        "materia-theme": "materia-theme",
        "multimc-cracked": "multimc-cracked",
        "nix": "nix",
        "nix-alien": "nix-alien",
        "nixpkgs": "nixpkgs_3",
        "nixpkgs-master": "nixpkgs-master",
        "nixpkgs-mozilla": "nixpkgs-mozilla",
        "nixpkgs-stable": "nixpkgs-stable",
        "nixpkgs-wayland": "nixpkgs-wayland",
        "qbittorrent-ee": "qbittorrent-ee",
        "rycee": "rycee",
        "simple-nixos-mailserver": "simple-nixos-mailserver",
        "vscode-server-fixup": "vscode-server-fixup",
        "zsh-autosuggestions": "zsh-autosuggestions",
        "zsh-cod": "zsh-cod",
        "zsh-nix-shell": "zsh-nix-shell",
        "zsh-you-should-use": "zsh-you-should-use"
      }
    },
    "rycee": {
      "flake": false,
      "locked": {
        "lastModified": 1647903363,
        "narHash": "sha256-3JHF8yh3BscxysU2Yd7WeoRiRwwZEIDw+f5IuMJbQXE=",
        "owner": "rycee",
        "repo": "nur-expressions",
        "rev": "303332622f24e566ffca62b8e8a864b597643f50",
        "type": "gitlab"
      },
      "original": {
        "owner": "rycee",
        "repo": "nur-expressions",
        "type": "gitlab"
      }
    },
    "simple-nixos-mailserver": {
      "inputs": {
        "blobs": "blobs",
        "nixpkgs": [
          "nixpkgs"
        ],
        "utils": "utils"
      },
      "locked": {
        "lastModified": 1646481600,
        "narHash": "sha256-TBJu0BjWpp9737sqC5E4Iz48t3AatDUcBtXKuVJEQVg=",
        "owner": "simple-nixos-mailserver",
        "repo": "nixos-mailserver",
        "rev": "75728d2686dec5ef2a73cdf80174311587413392",
        "type": "gitlab"
      },
      "original": {
        "owner": "simple-nixos-mailserver",
        "repo": "nixos-mailserver",
        "type": "gitlab"
      }
    },
    "utils": {
      "locked": {
        "lastModified": 1605370193,
        "narHash": "sha256-YyMTf3URDL/otKdKgtoMChu4vfVL3vCMkRqpGifhUn0=",
        "owner": "numtide",
        "repo": "flake-utils",
        "rev": "5021eac20303a61fafe17224c087f5519baed54d",
        "type": "github"
      },
      "original": {
        "owner": "numtide",
        "repo": "flake-utils",
        "type": "github"
      }
    },
    "vscode-server-fixup": {
      "inputs": {
        "flake-utils": "flake-utils_2",
        "home-manager": "home-manager_2",
        "nixpkgs": [
          "nixpkgs"
        ],
        "nixpkgs-nixos-test": "nixpkgs-nixos-test"
      },
      "locked": {
        "lastModified": 1636482527,
        "narHash": "sha256-/o4DCLlVPx6lk7tnS/5t109vUPhY4rzEN00iGMG43sE=",
        "owner": "yaxitech",
        "repo": "vscode-server-fixup",
        "rev": "c78b489936ba7e06dd13c751b01932e36f07cd33",
        "type": "github"
      },
      "original": {
        "owner": "yaxitech",
        "repo": "vscode-server-fixup",
        "type": "github"
      }
    },
    "zsh-autosuggestions": {
      "flake": false,
      "locked": {
        "lastModified": 1622844304,
        "narHash": "sha256-KLUYpUu4DHRumQZ3w59m9aTW6TBKMCXl2UcKi4uMd7w=",
        "owner": "zsh-users",
        "repo": "zsh-autosuggestions",
        "rev": "a411ef3e0992d4839f0732ebeb9823024afaaaa8",
        "type": "github"
      },
      "original": {
        "owner": "zsh-users",
        "repo": "zsh-autosuggestions",
        "type": "github"
      }
    },
    "zsh-cod": {
      "flake": false,
      "locked": {
        "lastModified": 1642757985,
        "narHash": "sha256-gn1MXy2kRCZqYewsxr+ZRwhxwUlD6TM1bt0mRDYnRZ8=",
        "owner": "dim-an",
        "repo": "cod",
        "rev": "de10c9bfff394dd59f302515776f1413f26e5a49",
        "type": "github"
      },
      "original": {
        "owner": "dim-an",
        "repo": "cod",
        "type": "github"
      }
    },
    "zsh-nix-shell": {
      "flake": false,
      "locked": {
        "lastModified": 1628023704,
        "narHash": "sha256-WNa8RljYhkOWk7AZbdTOvYhWw1fR8PjFxH/tnUCbems=",
        "owner": "chisui",
        "repo": "zsh-nix-shell",
        "rev": "f8574f27e1d7772629c9509b2116d504798fe30a",
        "type": "github"
      },
      "original": {
        "owner": "chisui",
        "repo": "zsh-nix-shell",
        "type": "github"
      }
    },
    "zsh-you-should-use": {
      "flake": false,
      "locked": {
        "lastModified": 1638894143,
        "narHash": "sha256-g4Fw0TwyajZnWQ8fvJvobyt98nRgg08uxK6yNEABo8Y=",
        "owner": "MichaelAquilina",
        "repo": "zsh-you-should-use",
        "rev": "773ae5f414b296b4100f1ab6668ecffdab795128",
        "type": "github"
      },
      "original": {
        "owner": "MichaelAquilina",
        "repo": "zsh-you-should-use",
        "type": "github"
      }
    }
  },
  "root": "root",
  "version": 7
}
