{
  "nodes": {
    "base16": {
      "inputs": {
        "nixpkgs": "nixpkgs"
      },
      "locked": {
        "lastModified": 1623806441,
        "narHash": "sha256-nXkU8yCtSLz2oqPPdY2WEOQ0PZlWXAzcP1djf5lx6A0=",
        "owner": "alukardbf",
        "repo": "base16-nix",
        "rev": "462f0033e6681b993165dd46bcdc1c153a7daaa9",
        "type": "github"
      },
      "original": {
        "owner": "alukardbf",
        "repo": "base16-nix",
        "type": "github"
      }
    },
    "base16-horizon-scheme": {
      "flake": false,
      "locked": {
        "lastModified": 1561359199,
        "narHash": "sha256-A8v9S2+WHvKi7r7jIuf2igVkDEwb79bMLYzzsj/4CLE=",
        "owner": "michael-ball",
        "repo": "base16-horizon-scheme",
        "rev": "644d073863ba9f863eef3b88a8f8607d0ace0063",
        "type": "github"
      },
      "original": {
        "owner": "michael-ball",
        "repo": "base16-horizon-scheme",
        "type": "github"
      }
    },
    "home-manager": {
      "inputs": {
        "nixpkgs": "nixpkgs_2"
      },
      "locked": {
        "lastModified": 1623806118,
        "narHash": "sha256-c7JrIkdhF9hJdx4+9W7NcYd05PvHppyMNJkM2cIMvjc=",
        "owner": "AlukardBF",
        "repo": "home-manager",
        "rev": "97f2897d27cdbcae2179abcad20c4bf66382c777",
        "type": "github"
      },
      "original": {
        "owner": "AlukardBF",
        "repo": "home-manager",
        "type": "github"
      }
    },
    "i3lock-fancy-rapid": {
      "flake": false,
      "locked": {
        "lastModified": 1618965247,
        "narHash": "sha256-EoX8ts0yV/zkb4wgEh4P8noU+UraRS4w9pp+76v+Nm0=",
        "owner": "yvbbrjdr",
        "repo": "i3lock-fancy-rapid",
        "rev": "6eeebd4caa177b82fa5010b5e8828cce3f89fb97",
        "type": "github"
      },
      "original": {
        "owner": "yvbbrjdr",
        "repo": "i3lock-fancy-rapid",
        "type": "github"
      }
    },
    "lowdown-src": {
      "flake": false,
      "locked": {
        "lastModified": 1617481909,
        "narHash": "sha256-SqnfOFuLuVRRNeVJr1yeEPJue/qWoCp5N6o5Kr///p4=",
        "owner": "kristapsdz",
        "repo": "lowdown",
        "rev": "148f9b2f586c41b7e36e73009db43ea68c7a1a4d",
        "type": "github"
      },
      "original": {
        "owner": "kristapsdz",
        "ref": "VERSION_0_8_4",
        "repo": "lowdown",
        "type": "github"
      }
    },
    "materia-theme": {
      "flake": false,
      "locked": {
        "lastModified": 1620818711,
        "narHash": "sha256-0eCAfm/MWXv6BbCl2vbVbvgv8DiUH09TAUhoKq7Ow0k=",
        "owner": "nana-4",
        "repo": "materia-theme",
        "rev": "76cac96ca7fe45dc9e5b9822b0fbb5f4cad47984",
        "type": "github"
      },
      "original": {
        "owner": "nana-4",
        "repo": "materia-theme",
        "type": "github"
      }
    },
    "nix": {
      "inputs": {
        "lowdown-src": "lowdown-src",
        "nixpkgs": "nixpkgs_3"
      },
      "locked": {
        "lastModified": 1628169187,
        "narHash": "sha256-kkivOa+RCF8F+PVEwKstLyJcCWEmZ//q+SfwCqJOv5s=",
        "owner": "NixOS",
        "repo": "nix",
        "rev": "d64f9671fcce47e792974b372dc72de8c49994b7",
        "type": "github"
      },
      "original": {
        "id": "nix",
        "type": "indirect"
      }
    },
    "nixpkgs": {
      "locked": {
        "lastModified": 1623798125,
        "narHash": "sha256-I6xUuLZWCkdNNvZdNm7P4NtmqMaCI2QHQcrAYvTB3B0=",
        "owner": "NixOS",
        "repo": "nixpkgs",
        "rev": "c0c5925832c1da45b1100a10ae5c5a55a6952acf",
        "type": "github"
      },
      "original": {
        "id": "nixpkgs",
        "ref": "release-21.05",
        "type": "indirect"
      }
    },
    "nixpkgs-master": {
      "locked": {
        "lastModified": 1628199198,
        "narHash": "sha256-DkMFcm5VdqbausjUjyHWGBlcXNw/EMFiQpiCY5KKtMo=",
        "owner": "nixos",
        "repo": "nixpkgs",
        "rev": "439b1605227b8adb1357b55ce8529d541abbe9eb",
        "type": "github"
      },
      "original": {
        "owner": "nixos",
        "ref": "master",
        "repo": "nixpkgs",
        "type": "github"
      }
    },
    "nixpkgs-mozilla": {
      "flake": false,
      "locked": {
        "lastModified": 1627922300,
        "narHash": "sha256-/5fyO/265Wrli2pHpe1/i9Lu8XnQ5K+2YLz9Sz568cI=",
        "owner": "mozilla",
        "repo": "nixpkgs-mozilla",
        "rev": "b1001ed670666ca4ce1c1b064481f88694315c1d",
        "type": "github"
      },
      "original": {
        "owner": "mozilla",
        "repo": "nixpkgs-mozilla",
        "type": "github"
      }
    },
    "nixpkgs-stable": {
      "locked": {
        "lastModified": 1628077112,
        "narHash": "sha256-ehfkGNBdq0GFbezcXZP4OPcik+k4Lm7mF8NUKJlq6Ho=",
        "owner": "nixos",
        "repo": "nixpkgs",
        "rev": "465daf79b4a23d6e47d2efddece7120da8800c63",
        "type": "github"
      },
      "original": {
        "owner": "nixos",
        "ref": "nixos-21.05",
        "repo": "nixpkgs",
        "type": "github"
      }
    },
    "nixpkgs_2": {
      "locked": {
        "lastModified": 1627128856,
        "narHash": "sha256-yw3lA8zyNFhj309lmxvNByEEymRT1rRy5oE+jEPnsP4=",
        "path": "/nix/store/3iw3gnv08yaz0v5qjhmv6g4dlj7pirfz-source",
        "rev": "dd14e5d78e90a2ccd6007e569820de9b4861a6c2",
        "type": "path"
      },
      "original": {
        "id": "nixpkgs",
        "type": "indirect"
      }
    },
    "nixpkgs_3": {
      "locked": {
        "lastModified": 1624862269,
        "narHash": "sha256-JFcsh2+7QtfKdJFoPibLFPLgIW6Ycnv8Bts9a7RYme0=",
        "owner": "NixOS",
        "repo": "nixpkgs",
        "rev": "f77036342e2b690c61c97202bf48f2ce13acc022",
        "type": "github"
      },
      "original": {
        "id": "nixpkgs",
        "ref": "nixos-21.05-small",
        "type": "indirect"
      }
    },
    "nixpkgs_4": {
      "locked": {
        "lastModified": 1627942574,
        "narHash": "sha256-guUcGRWvY2mfiVSet2x/zeHIyflm2wgglj0ldg0mMio=",
        "owner": "nixos",
        "repo": "nixpkgs",
        "rev": "c464dc811babfe316ed4ab7bbc12351122e69dd7",
        "type": "github"
      },
      "original": {
        "owner": "nixos",
        "ref": "nixos-unstable",
        "repo": "nixpkgs",
        "type": "github"
      }
    },
    "qbittorrent-ee": {
      "flake": false,
      "locked": {
        "lastModified": 1628108246,
        "narHash": "sha256-uzqhFEpFPtXDnYyrJppeW7gH48ofIDwv8OYQi94Ki+g=",
        "owner": "c0re100",
        "repo": "qBittorrent-Enhanced-Edition",
        "rev": "50f498c9f5856502b0a8f2ea47d9425ea56a4e4d",
        "type": "github"
      },
      "original": {
        "owner": "c0re100",
        "repo": "qBittorrent-Enhanced-Edition",
        "type": "github"
      }
    },
    "root": {
      "inputs": {
        "base16": "base16",
        "base16-horizon-scheme": "base16-horizon-scheme",
        "home-manager": "home-manager",
        "i3lock-fancy-rapid": "i3lock-fancy-rapid",
        "materia-theme": "materia-theme",
        "nix": "nix",
        "nixpkgs": "nixpkgs_4",
        "nixpkgs-master": "nixpkgs-master",
        "nixpkgs-mozilla": "nixpkgs-mozilla",
        "nixpkgs-stable": "nixpkgs-stable",
        "qbittorrent-ee": "qbittorrent-ee",
        "rycee": "rycee",
        "zsh-autosuggestions": "zsh-autosuggestions",
        "zsh-cod": "zsh-cod",
        "zsh-nix-shell": "zsh-nix-shell",
        "zsh-you-should-use": "zsh-you-should-use"
      }
    },
    "rycee": {
      "flake": false,
      "locked": {
        "lastModified": 1628136122,
        "narHash": "sha256-WLvv5WI3Cy+J7WWrh2dmqPKGYADM9C+nxFlqOyexnbc=",
        "owner": "rycee",
        "repo": "nur-expressions",
        "rev": "4e0cee84d7f32e3d5c52920b7d88802f69da8c4c",
        "type": "gitlab"
      },
      "original": {
        "owner": "rycee",
        "repo": "nur-expressions",
        "type": "gitlab"
      }
    },
    "zsh-autosuggestions": {
      "flake": false,
      "locked": {
        "lastModified": 1622844304,
        "narHash": "sha256-KLUYpUu4DHRumQZ3w59m9aTW6TBKMCXl2UcKi4uMd7w=",
        "owner": "zsh-users",
        "repo": "zsh-autosuggestions",
        "rev": "a411ef3e0992d4839f0732ebeb9823024afaaaa8",
        "type": "github"
      },
      "original": {
        "owner": "zsh-users",
        "repo": "zsh-autosuggestions",
        "type": "github"
      }
    },
    "zsh-cod": {
      "flake": false,
      "locked": {
        "lastModified": 1627976995,
        "narHash": "sha256-CJDZK/3TCk+Zb6IZk41L1crboED4FZFhrSJJmHF6yBk=",
        "owner": "dim-an",
        "repo": "cod",
        "rev": "5e815b558bbc1c2a48df090c9ab6d0dad8e6f551",
        "type": "github"
      },
      "original": {
        "owner": "dim-an",
        "repo": "cod",
        "type": "github"
      }
    },
    "zsh-nix-shell": {
      "flake": false,
      "locked": {
        "lastModified": 1628023704,
        "narHash": "sha256-WNa8RljYhkOWk7AZbdTOvYhWw1fR8PjFxH/tnUCbems=",
        "owner": "chisui",
        "repo": "zsh-nix-shell",
        "rev": "f8574f27e1d7772629c9509b2116d504798fe30a",
        "type": "github"
      },
      "original": {
        "owner": "chisui",
        "repo": "zsh-nix-shell",
        "type": "github"
      }
    },
    "zsh-you-should-use": {
      "flake": false,
      "locked": {
        "lastModified": 1628094370,
        "narHash": "sha256-hTJjeJT9szHl9HXDHaSEmkv3wOARORs7sQA8/MjkfIo=",
        "owner": "MichaelAquilina",
        "repo": "zsh-you-should-use",
        "rev": "ccc7e7f75bd7169758a1c931ea574b96b71aa9a0",
        "type": "github"
      },
      "original": {
        "owner": "MichaelAquilina",
        "repo": "zsh-you-should-use",
        "type": "github"
      }
    }
  },
  "root": "root",
  "version": 7
}
